
Microsoft Visual Studio Solution File, Format Version 12.00
# Visual Studio Version 17
VisualStudioVersion = 17.3.32901.215
MinimumVisualStudioVersion = 10.0.40219.1
Project("{FAE04EC0-301F-11D3-BF4B-00C04F79EFBC}") = "TestHello", "TestHello\TestHello.csproj", "{61984386-DF52-42C3-84F0-D93233DB2D36}"
EndProject
Global
	GlobalSection(SolutionConfigurationPlatforms) = preSolution
		Debug|Any CPU = Debug|Any CPU
		Release|Any CPU = Release|Any CPU
	EndGlobalSection
	GlobalSection(ProjectConfigurationPlatforms) = postSolution
		{61984386-DF52-42C3-84F0-D93233DB2D36}.Debug|Any CPU.ActiveCfg = Debug|Any CPU
		{61984386-DF52-42C3-84F0-D93233DB2D36}.Debug|Any CPU.Build.0 = Debug|Any CPU
		{61984386-DF52-42C3-84F0-D93233DB2D36}.Release|Any CPU.ActiveCfg = Release|Any CPU
		{61984386-DF52-42C3-84F0-D93233DB2D36}.Release|Any CPU.Build.0 = Release|Any CPU
	EndGlobalSection
	GlobalSection(SolutionProperties) = preSolution
		HideSolutionNode = FALSE
	EndGlobalSection
	GlobalSection(ExtensibilityGlobals) = postSolution
		SolutionGuid = {4D30ADDC-7051-4EAD-BEA7-86C75EBCECEF}
	EndGlobalSection
EndGlobal
